
Microsoft Visual Studio Solution File, Format Version 12.00
# Visual Studio 15
VisualStudioVersion = 15.0.26730.12
MinimumVisualStudioVersion = 10.0.40219.1
Project("{FAE04EC0-301F-11D3-BF4B-00C04F79EFBC}") = "Project", "Project\Project.csproj", "{F99C7FFA-4197-4978-9BAA-E6403B179190}"
EndProject
Project("{54435603-DBB4-11D2-8724-00A0C9A8B90C}") = "SetupArea", "SetupArea\SetupArea.vdproj", "{1A1C0F64-D970-4B73-B69F-54492A778869}"
EndProject
Global
	GlobalSection(SolutionConfigurationPlatforms) = preSolution
		Debug|Any CPU = Debug|Any CPU
		Release|Any CPU = Release|Any CPU
	EndGlobalSection
	GlobalSection(ProjectConfigurationPlatforms) = postSolution
		{F99C7FFA-4197-4978-9BAA-E6403B179190}.Debug|Any CPU.ActiveCfg = Debug|Any CPU
		{F99C7FFA-4197-4978-9BAA-E6403B179190}.Debug|Any CPU.Build.0 = Debug|Any CPU
		{F99C7FFA-4197-4978-9BAA-E6403B179190}.Release|Any CPU.ActiveCfg = Release|Any CPU
		{F99C7FFA-4197-4978-9BAA-E6403B179190}.Release|Any CPU.Build.0 = Release|Any CPU
		{1A1C0F64-D970-4B73-B69F-54492A778869}.Debug|Any CPU.ActiveCfg = Debug
		{1A1C0F64-D970-4B73-B69F-54492A778869}.Release|Any CPU.ActiveCfg = Release
	EndGlobalSection
	GlobalSection(SolutionProperties) = preSolution
		HideSolutionNode = FALSE
	EndGlobalSection
	GlobalSection(ExtensibilityGlobals) = postSolution
		SolutionGuid = {E7718C74-D617-46D8-B08F-CEE3460FAD6F}
	EndGlobalSection
EndGlobal
